
Microsoft Visual Studio Solution File, Format Version 12.00
# Visual Studio Version 17
VisualStudioVersion = 17.3.32819.101
MinimumVisualStudioVersion = 10.0.40219.1
Project("{FAE04EC0-301F-11D3-BF4B-00C04F79EFBC}") = "Homework_05-15.Web", "Homework_05-15.Web\Homework_05-15.Web.csproj", "{74F33110-C40F-4572-BF9F-20F5316E3DE3}"
EndProject
Project("{FAE04EC0-301F-11D3-BF4B-00C04F79EFBC}") = "Homework_05-15.Data", "Homework_05-15.Data\Homework_05-15.Data.csproj", "{D9A9FEE7-1B75-4537-8FF1-8743B5A69F06}"
EndProject
Global
	GlobalSection(SolutionConfigurationPlatforms) = preSolution
		Debug|Any CPU = Debug|Any CPU
		Release|Any CPU = Release|Any CPU
	EndGlobalSection
	GlobalSection(ProjectConfigurationPlatforms) = postSolution
		{74F33110-C40F-4572-BF9F-20F5316E3DE3}.Debug|Any CPU.ActiveCfg = Debug|Any CPU
		{74F33110-C40F-4572-BF9F-20F5316E3DE3}.Debug|Any CPU.Build.0 = Debug|Any CPU
		{74F33110-C40F-4572-BF9F-20F5316E3DE3}.Release|Any CPU.ActiveCfg = Release|Any CPU
		{74F33110-C40F-4572-BF9F-20F5316E3DE3}.Release|Any CPU.Build.0 = Release|Any CPU
		{D9A9FEE7-1B75-4537-8FF1-8743B5A69F06}.Debug|Any CPU.ActiveCfg = Debug|Any CPU
		{D9A9FEE7-1B75-4537-8FF1-8743B5A69F06}.Debug|Any CPU.Build.0 = Debug|Any CPU
		{D9A9FEE7-1B75-4537-8FF1-8743B5A69F06}.Release|Any CPU.ActiveCfg = Release|Any CPU
		{D9A9FEE7-1B75-4537-8FF1-8743B5A69F06}.Release|Any CPU.Build.0 = Release|Any CPU
	EndGlobalSection
	GlobalSection(SolutionProperties) = preSolution
		HideSolutionNode = FALSE
	EndGlobalSection
	GlobalSection(ExtensibilityGlobals) = postSolution
		SolutionGuid = {922960BA-07B4-4A63-B647-77ECC7589B56}
	EndGlobalSection
EndGlobal
